PODS:
  - Crashlytics (3.8.4):
    - Fabric (~> 1.6.3)
  - Fabric (1.6.11)
  - ObjcExceptionBridging (1.0.1):
    - ObjcExceptionBridging/ObjcExceptionBridging (= 1.0.1)
  - ObjcExceptionBridging/ObjcExceptionBridging (1.0.1)
  - RxSwift (3.5.0)
  - SwiftLint (0.19.0)
  - SwiftyUserDefaults (3.0.0)
  - Swinject (2.1.0)
  - XCGLogger (5.0.1):
    - XCGLogger/Core (= 5.0.1)
  - XCGLogger/Core (5.0.1):
    - ObjcExceptionBridging

DEPENDENCIES:
  - Crashlytics
  - RxSwift
  - SwiftLint
  - SwiftyUserDefaults
  - Swinject
  - XCGLogger

SPEC CHECKSUMS:
  Crashlytics: 79e236942ca1e7fc641df1feb9a275360a78ab6a
  Fabric: 5911403591946b8228ab1c51d98f1d7137e863c6
  ObjcExceptionBridging: c30e00eb3700467e695faeea30e26e18bd445001
  RxSwift: 18ee9d78b45edb3b0b7e79916b47a116e6dbc842
  SwiftLint: 3537a05b34060e78e7510f04fb7537d738247803
  SwiftyUserDefaults: 0f1d45fc3aafb9064dac661e367f8f83fe21a4b4
  Swinject: 85e468ac75c5c2d234076f98c591d57d56bc64bc
  XCGLogger: 0b43697155d41e4a1b15fc776f319c2141646b09

PODFILE CHECKSUM: d3dbf71413e1a3c8dd49d038936ed29ea72b619a

COCOAPODS: 1.2.1
